
Microsoft Visual Studio Solution File, Format Version 12.00
# Visual Studio Version 17
VisualStudioVersion = 17.8.34511.84
MinimumVisualStudioVersion = 10.0.40219.1
Project("{2150E333-8FDC-42A3-9474-1A3956D46DE8}") = "src", "src", "{79921FC4-A55E-468D-82F6-DC731768EE0C}"
EndProject
Project("{2150E333-8FDC-42A3-9474-1A3956D46DE8}") = "tests", "tests", "{8AD3EBFB-5D67-4742-8C01-A742D45B5C76}"
EndProject
Project("{9A19103F-16F7-4668-BE54-9A1E7A4F7556}") = "Domain", "Domain\Domain.csproj", "{6882012F-456E-4CD0-BB67-7674586E3827}"
EndProject
Project("{9A19103F-16F7-4668-BE54-9A1E7A4F7556}") = "Application", "Application\Application.csproj", "{ABB5759E-E66C-467A-A6DF-491A8F598AF7}"
EndProject
Project("{9A19103F-16F7-4668-BE54-9A1E7A4F7556}") = "Domain.UnitTests", "Domain.UnitTests\Domain.UnitTests.csproj", "{54779DC5-5E5A-4657-9DEE-94F45191E6B3}"
EndProject
Project("{9A19103F-16F7-4668-BE54-9A1E7A4F7556}") = "Infrastructure", "Infrastructure\Infrastructure.csproj", "{44401AAB-2A43-4700-ACAB-25F3F700F4E0}"
EndProject
Project("{9A19103F-16F7-4668-BE54-9A1E7A4F7556}") = "Resources", "Resources\Resources.csproj", "{A25AFF48-6EBD-4B8C-AB84-247FC136D215}"
EndProject
Project("{9A19103F-16F7-4668-BE54-9A1E7A4F7556}") = "SMCA.WebApi", "SMCA.WebApi\SMCA.WebApi.csproj", "{F058B5E7-FE7D-4EDE-8C9E-A8D4184A44C2}"
EndProject
Project("{9A19103F-16F7-4668-BE54-9A1E7A4F7556}") = "SMCA.Presentation", "SMCA.Presentation\SMCA.Presentation.csproj", "{3A434033-8003-45A4-AE1B-D8ED455BAF32}"
EndProject
Project("{E53339B2-1760-4266-BCC7-CA923CBCF16C}") = "docker-compose", "docker-compose.dcproj", "{B4AFD7DE-A9D9-4F80-9C66-AF0778F5BB1B}"
EndProject
Global
	GlobalSection(SolutionConfigurationPlatforms) = preSolution
		Debug|Any CPU = Debug|Any CPU
		Release|Any CPU = Release|Any CPU
	EndGlobalSection
	GlobalSection(ProjectConfigurationPlatforms) = postSolution
		{6882012F-456E-4CD0-BB67-7674586E3827}.Debug|Any CPU.ActiveCfg = Debug|Any CPU
		{6882012F-456E-4CD0-BB67-7674586E3827}.Debug|Any CPU.Build.0 = Debug|Any CPU
		{6882012F-456E-4CD0-BB67-7674586E3827}.Release|Any CPU.ActiveCfg = Release|Any CPU
		{6882012F-456E-4CD0-BB67-7674586E3827}.Release|Any CPU.Build.0 = Release|Any CPU
		{ABB5759E-E66C-467A-A6DF-491A8F598AF7}.Debug|Any CPU.ActiveCfg = Debug|Any CPU
		{ABB5759E-E66C-467A-A6DF-491A8F598AF7}.Debug|Any CPU.Build.0 = Debug|Any CPU
		{ABB5759E-E66C-467A-A6DF-491A8F598AF7}.Release|Any CPU.ActiveCfg = Release|Any CPU
		{ABB5759E-E66C-467A-A6DF-491A8F598AF7}.Release|Any CPU.Build.0 = Release|Any CPU
		{54779DC5-5E5A-4657-9DEE-94F45191E6B3}.Debug|Any CPU.ActiveCfg = Debug|Any CPU
		{54779DC5-5E5A-4657-9DEE-94F45191E6B3}.Debug|Any CPU.Build.0 = Debug|Any CPU
		{54779DC5-5E5A-4657-9DEE-94F45191E6B3}.Release|Any CPU.ActiveCfg = Release|Any CPU
		{54779DC5-5E5A-4657-9DEE-94F45191E6B3}.Release|Any CPU.Build.0 = Release|Any CPU
		{44401AAB-2A43-4700-ACAB-25F3F700F4E0}.Debug|Any CPU.ActiveCfg = Debug|Any CPU
		{44401AAB-2A43-4700-ACAB-25F3F700F4E0}.Debug|Any CPU.Build.0 = Debug|Any CPU
		{44401AAB-2A43-4700-ACAB-25F3F700F4E0}.Release|Any CPU.ActiveCfg = Release|Any CPU
		{44401AAB-2A43-4700-ACAB-25F3F700F4E0}.Release|Any CPU.Build.0 = Release|Any CPU
		{A25AFF48-6EBD-4B8C-AB84-247FC136D215}.Debug|Any CPU.ActiveCfg = Debug|Any CPU
		{A25AFF48-6EBD-4B8C-AB84-247FC136D215}.Debug|Any CPU.Build.0 = Debug|Any CPU
		{A25AFF48-6EBD-4B8C-AB84-247FC136D215}.Release|Any CPU.ActiveCfg = Release|Any CPU
		{A25AFF48-6EBD-4B8C-AB84-247FC136D215}.Release|Any CPU.Build.0 = Release|Any CPU
		{F058B5E7-FE7D-4EDE-8C9E-A8D4184A44C2}.Debug|Any CPU.ActiveCfg = Debug|Any CPU
		{F058B5E7-FE7D-4EDE-8C9E-A8D4184A44C2}.Debug|Any CPU.Build.0 = Debug|Any CPU
		{F058B5E7-FE7D-4EDE-8C9E-A8D4184A44C2}.Release|Any CPU.ActiveCfg = Release|Any CPU
		{F058B5E7-FE7D-4EDE-8C9E-A8D4184A44C2}.Release|Any CPU.Build.0 = Release|Any CPU
		{3A434033-8003-45A4-AE1B-D8ED455BAF32}.Debug|Any CPU.ActiveCfg = Debug|Any CPU
		{3A434033-8003-45A4-AE1B-D8ED455BAF32}.Debug|Any CPU.Build.0 = Debug|Any CPU
		{3A434033-8003-45A4-AE1B-D8ED455BAF32}.Release|Any CPU.ActiveCfg = Release|Any CPU
		{3A434033-8003-45A4-AE1B-D8ED455BAF32}.Release|Any CPU.Build.0 = Release|Any CPU
		{B4AFD7DE-A9D9-4F80-9C66-AF0778F5BB1B}.Debug|Any CPU.ActiveCfg = Debug|Any CPU
		{B4AFD7DE-A9D9-4F80-9C66-AF0778F5BB1B}.Debug|Any CPU.Build.0 = Debug|Any CPU
		{B4AFD7DE-A9D9-4F80-9C66-AF0778F5BB1B}.Release|Any CPU.ActiveCfg = Release|Any CPU
		{B4AFD7DE-A9D9-4F80-9C66-AF0778F5BB1B}.Release|Any CPU.Build.0 = Release|Any CPU
	EndGlobalSection
	GlobalSection(SolutionProperties) = preSolution
		HideSolutionNode = FALSE
	EndGlobalSection
	GlobalSection(NestedProjects) = preSolution
		{6882012F-456E-4CD0-BB67-7674586E3827} = {79921FC4-A55E-468D-82F6-DC731768EE0C}
		{ABB5759E-E66C-467A-A6DF-491A8F598AF7} = {79921FC4-A55E-468D-82F6-DC731768EE0C}
		{54779DC5-5E5A-4657-9DEE-94F45191E6B3} = {8AD3EBFB-5D67-4742-8C01-A742D45B5C76}
		{44401AAB-2A43-4700-ACAB-25F3F700F4E0} = {79921FC4-A55E-468D-82F6-DC731768EE0C}
		{A25AFF48-6EBD-4B8C-AB84-247FC136D215} = {79921FC4-A55E-468D-82F6-DC731768EE0C}
		{F058B5E7-FE7D-4EDE-8C9E-A8D4184A44C2} = {79921FC4-A55E-468D-82F6-DC731768EE0C}
		{3A434033-8003-45A4-AE1B-D8ED455BAF32} = {79921FC4-A55E-468D-82F6-DC731768EE0C}
	EndGlobalSection
	GlobalSection(ExtensibilityGlobals) = postSolution
		SolutionGuid = {FB19D4F3-A3E7-4376-8DD8-F73904706E8F}
	EndGlobalSection
EndGlobal
